
Microsoft Visual Studio Solution File, Format Version 12.00
# Visual Studio Version 16
VisualStudioVersion = 25.0.1704.1
MinimumVisualStudioVersion = 10.0.40219.1
Project("{FAE04EC0-301F-11D3-BF4B-00C04F79EFBC}") = "Rock_leaf_chise", "Rock_leaf_chise\Rock_leaf_chise.csproj", "{CBAB42E5-DB0B-469D-A250-25589AC89CAA}"
EndProject
Global
	GlobalSection(SolutionConfigurationPlatforms) = preSolution
		Debug|Any CPU = Debug|Any CPU
		Release|Any CPU = Release|Any CPU
	EndGlobalSection
	GlobalSection(ProjectConfigurationPlatforms) = postSolution
		{CBAB42E5-DB0B-469D-A250-25589AC89CAA}.Debug|Any CPU.ActiveCfg = Debug|Any CPU
		{CBAB42E5-DB0B-469D-A250-25589AC89CAA}.Debug|Any CPU.Build.0 = Debug|Any CPU
		{CBAB42E5-DB0B-469D-A250-25589AC89CAA}.Release|Any CPU.ActiveCfg = Release|Any CPU
		{CBAB42E5-DB0B-469D-A250-25589AC89CAA}.Release|Any CPU.Build.0 = Release|Any CPU
	EndGlobalSection
	GlobalSection(SolutionProperties) = preSolution
		HideSolutionNode = FALSE
	EndGlobalSection
	GlobalSection(ExtensibilityGlobals) = postSolution
		SolutionGuid = {A84C2CF5-7DF7-4F22-9F73-0A852F760260}
	EndGlobalSection
EndGlobal
